
Microsoft Visual Studio Solution File, Format Version 12.00
# Visual Studio Version 17
VisualStudioVersion = 17.1.32407.343
MinimumVisualStudioVersion = 10.0.40219.1
Project("{9A19103F-16F7-4668-BE54-9A1E7A4F7556}") = "RazorPagesPizza", "RazorPagesPizza.csproj", "{71E4B098-4158-49E2-B113-67E4E29AE307}"
EndProject
Global
	GlobalSection(SolutionConfigurationPlatforms) = preSolution
		Debug|Any CPU = Debug|Any CPU
		Release|Any CPU = Release|Any CPU
	EndGlobalSection
	GlobalSection(ProjectConfigurationPlatforms) = postSolution
		{71E4B098-4158-49E2-B113-67E4E29AE307}.Debug|Any CPU.ActiveCfg = Debug|Any CPU
		{71E4B098-4158-49E2-B113-67E4E29AE307}.Debug|Any CPU.Build.0 = Debug|Any CPU
		{71E4B098-4158-49E2-B113-67E4E29AE307}.Release|Any CPU.ActiveCfg = Release|Any CPU
		{71E4B098-4158-49E2-B113-67E4E29AE307}.Release|Any CPU.Build.0 = Release|Any CPU
	EndGlobalSection
	GlobalSection(SolutionProperties) = preSolution
		HideSolutionNode = FALSE
	EndGlobalSection
	GlobalSection(ExtensibilityGlobals) = postSolution
		SolutionGuid = {47BD83C5-C8A3-4D5E-A3B1-84A97A7F471F}
	EndGlobalSection
EndGlobal
